
Microsoft Visual Studio Solution File, Format Version 12.00
# Visual Studio Version 17
VisualStudioVersion = 17.4.33205.214
MinimumVisualStudioVersion = 10.0.40219.1
Project("{FAE04EC0-301F-11D3-BF4B-00C04F79EFBC}") = "fff", "fff\fff.csproj", "{DF6AB353-4D17-4776-A230-4D855E4B47A6}"
EndProject
Global
	GlobalSection(SolutionConfigurationPlatforms) = preSolution
		Debug|Any CPU = Debug|Any CPU
		Release|Any CPU = Release|Any CPU
	EndGlobalSection
	GlobalSection(ProjectConfigurationPlatforms) = postSolution
		{DF6AB353-4D17-4776-A230-4D855E4B47A6}.Debug|Any CPU.ActiveCfg = Debug|Any CPU
		{DF6AB353-4D17-4776-A230-4D855E4B47A6}.Debug|Any CPU.Build.0 = Debug|Any CPU
		{DF6AB353-4D17-4776-A230-4D855E4B47A6}.Release|Any CPU.ActiveCfg = Release|Any CPU
		{DF6AB353-4D17-4776-A230-4D855E4B47A6}.Release|Any CPU.Build.0 = Release|Any CPU
	EndGlobalSection
	GlobalSection(SolutionProperties) = preSolution
		HideSolutionNode = FALSE
	EndGlobalSection
	GlobalSection(ExtensibilityGlobals) = postSolution
		SolutionGuid = {E38AA1EB-3381-41F2-8F94-94D7B854C8CF}
	EndGlobalSection
EndGlobal
